
Microsoft Visual Studio Solution File, Format Version 12.00
# Visual Studio Version 17
VisualStudioVersion = 17.0.31815.197
MinimumVisualStudioVersion = 10.0.40219.1
Project("{9A19103F-16F7-4668-BE54-9A1E7A4F7556}") = "ConsoleApp", "Base\ConsoleApp\ConsoleApp.csproj", "{88924BFA-D061-4D61-83E0-263EB1C4258E}"
EndProject
Project("{9A19103F-16F7-4668-BE54-9A1E7A4F7556}") = "ConsoleApp.Logic", "Base\ConsoleApp.Logic\ConsoleApp.Logic.csproj", "{EECB3DBF-E57E-4836-AB11-B22B52D1AC1B}"
EndProject
Project("{2150E333-8FDC-42A3-9474-1A3956D46DE8}") = "Base", "Base", "{AFF5F17F-877A-499B-B9C4-F2E8B654E721}"
EndProject
Project("{9A19103F-16F7-4668-BE54-9A1E7A4F7556}") = "Enumerables, Lambdas", "Enumerables\Enumerables, Lambdas.csproj", "{25F763A7-7184-4B8B-9B0E-90A72D781C52}"
EndProject
Project("{9A19103F-16F7-4668-BE54-9A1E7A4F7556}") = "VectorTests", "VectorTests\VectorTests.csproj", "{ADB10A65-EAEB-455A-A462-18F5A8A9AD21}"
EndProject
Project("{9A19103F-16F7-4668-BE54-9A1E7A4F7556}") = "TryParse", "TryParse\TryParse.csproj", "{36D590F9-1F6E-4C61-9E06-D0960175A8CB}"
EndProject
Project("{9A19103F-16F7-4668-BE54-9A1E7A4F7556}") = "Nullables", "Nullables\Nullables.csproj", "{92706E1C-3984-4415-9C33-EA182E9EBC9C}"
EndProject
Project("{9A19103F-16F7-4668-BE54-9A1E7A4F7556}") = "Files", "Files\Files.csproj", "{C971319C-ED72-449B-9D90-656CC625095F}"
EndProject
Project("{9A19103F-16F7-4668-BE54-9A1E7A4F7556}") = "AsyncAwait", "AsyncAwait\AsyncAwait.csproj", "{48B1ED8B-2673-4ACA-8F96-0DC1F6A52897}"
EndProject
Project("{9A19103F-16F7-4668-BE54-9A1E7A4F7556}") = "LinqExpressions", "LinqExpressions\LinqExpressions.csproj", "{0E9700ED-7945-4968-9994-A0A051494BE2}"
EndProject
Project("{9A19103F-16F7-4668-BE54-9A1E7A4F7556}") = "Serialization", "Serialization\Serialization.csproj", "{AAA73727-88A1-4BB5-B09F-FAA0A4B92447}"
EndProject
Project("{9A19103F-16F7-4668-BE54-9A1E7A4F7556}") = "Interfaces", "Interfaces\Interfaces.csproj", "{603BEAD3-1E43-4962-BCC1-7393F9C0DECE}"
EndProject
Project("{9A19103F-16F7-4668-BE54-9A1E7A4F7556}") = "FileReader", "FileReader\FileReader.csproj", "{C22D7366-C607-4084-A0C9-5B5CB42BD987}"
EndProject
Project("{9A19103F-16F7-4668-BE54-9A1E7A4F7556}") = "FileReaderTests", "FileReaderTests\FileReaderTests.csproj", "{CBE05119-A84B-4132-9166-3F0E8C0B3668}"
EndProject
Project("{9A19103F-16F7-4668-BE54-9A1E7A4F7556}") = "DependencyInjectionTests", "DependencyInjectionTests\DependencyInjectionTests.csproj", "{58EAED5D-DD8B-4802-BAC1-05967F132EED}"
EndProject
Project("{2150E333-8FDC-42A3-9474-1A3956D46DE8}") = "DependencyInjection", "DependencyInjection", "{68D35F96-0C0A-4F1B-96F5-155FD979520D}"
EndProject
Project("{2150E333-8FDC-42A3-9474-1A3956D46DE8}") = "JsonFileReader", "JsonFileReader", "{A4048E29-11AB-4C02-A626-953D8D13FE28}"
EndProject
Project("{2150E333-8FDC-42A3-9474-1A3956D46DE8}") = "ADO.NET (database)", "ADO.NET (database)", "{2D0FE870-5588-416C-9D13-48858E8C91D3}"
EndProject
Project("{9A19103F-16F7-4668-BE54-9A1E7A4F7556}") = "AdoBasics", "AdoBasics\AdoBasics.csproj", "{1CF268DE-F7F2-4B61-9093-C926653E18C1}"
EndProject
Project("{9A19103F-16F7-4668-BE54-9A1E7A4F7556}") = "DataTableDataSet", "DataTableDataSet\DataTableDataSet.csproj", "{533B3B82-8023-48DC-887F-42623C996A8D}"
EndProject
Project("{9A19103F-16F7-4668-BE54-9A1E7A4F7556}") = "DataTableGeneratorTool", "DataTableGeneratorTool\DataTableGeneratorTool.csproj", "{713A7918-41A0-4537-AFAB-B2C71012395A}"
EndProject
Project("{2150E333-8FDC-42A3-9474-1A3956D46DE8}") = "WinForms", "WinForms", "{22011724-E48A-4FEB-B738-DBC6FE3050F8}"
EndProject
Project("{9A19103F-16F7-4668-BE54-9A1E7A4F7556}") = "WinFormsBase", "WinFormsBase\WinFormsBase.csproj", "{7B7442B7-7306-4A8F-A8D4-E8E4477B8999}"
EndProject
Project("{9A19103F-16F7-4668-BE54-9A1E7A4F7556}") = "ConsoleApp1", "ConsoleApp1\ConsoleApp1.csproj", "{AF590BC7-3471-4753-9B2E-38B2B78E223B}"
EndProject
Project("{9A19103F-16F7-4668-BE54-9A1E7A4F7556}") = "Pomodoro", "Pomodoro\Pomodoro.csproj", "{27919887-F468-42F5-B2F6-0F13CA999506}"
EndProject
Project("{9A19103F-16F7-4668-BE54-9A1E7A4F7556}") = "BestOil", "BestOil\BestOil.csproj", "{76FC74EF-04DE-46DF-B2FA-41704C46ECFD}"
EndProject
Project("{9A19103F-16F7-4668-BE54-9A1E7A4F7556}") = "MyBudget", "MyBudget\MyBudget.csproj", "{C80E9E74-0A50-4967-A086-D8A93E6F114A}"
EndProject
Project("{2150E333-8FDC-42A3-9474-1A3956D46DE8}") = "WPF", "WPF", "{4F0B1EF8-5C46-4EF0-B7ED-D430E7277D8D}"
EndProject
Project("{9A19103F-16F7-4668-BE54-9A1E7A4F7556}") = "BudgetApp", "BudgetApp\BudgetApp.csproj", "{8F57AE05-003F-4202-8962-C45C499F44ED}"
EndProject
Project("{9A19103F-16F7-4668-BE54-9A1E7A4F7556}") = "BudgetWpfDapper", "BudgetWpfDapper\BudgetWpfDapper.csproj", "{A27D0570-1E8B-49A5-9DBA-D3DB8718F3E8}"
EndProject
Project("{9A19103F-16F7-4668-BE54-9A1E7A4F7556}") = "DapperClone", "DapperClone\DapperClone.csproj", "{24212140-2059-46EE-8995-0586B0498D0D}"
EndProject
Project("{9A19103F-16F7-4668-BE54-9A1E7A4F7556}") = "tgClone", "..\tgClone\tgClone.csproj", "{7F00556B-E8BC-4E5D-8E01-2C9BF953D1A3}"
EndProject
Project("{9A19103F-16F7-4668-BE54-9A1E7A4F7556}") = "BudgetWpfEf", "BudgetWpfEf\BudgetWpfEf.csproj", "{AE27BEB9-9662-40A1-972C-10CD05FFAE25}"
EndProject
Project("{9A19103F-16F7-4668-BE54-9A1E7A4F7556}") = "EFClone", "EFClone\EFClone.csproj", "{5AF3B19E-7B74-4225-930D-7EC394B3F442}"
EndProject
Project("{9A19103F-16F7-4668-BE54-9A1E7A4F7556}") = "DataAdapterSample", "DataAdapterSample\DataAdapterSample.csproj", "{D9A5E786-D571-44BC-8C17-B10ADEE3E97F}"
EndProject
Project("{9A19103F-16F7-4668-BE54-9A1E7A4F7556}") = "Expressions", "Expressions\Expressions.csproj", "{C32C8E06-3489-4E78-8F22-2F5A356F4BAB}"
EndProject
Project("{9A19103F-16F7-4668-BE54-9A1E7A4F7556}") = "DbRequestExpressions", "DbRequestExpressions\DbRequestExpressions.csproj", "{9FC78017-C43E-4206-B0CC-8FAF9755483B}"
EndProject
Project("{9A19103F-16F7-4668-BE54-9A1E7A4F7556}") = "EntityFrameworkCodeFirst", "EntityFrameworkCodeFirst\EntityFrameworkCodeFirst.csproj", "{D3441494-017F-4A5B-8330-722C60B8F989}"
EndProject
Project("{2150E333-8FDC-42A3-9474-1A3956D46DE8}") = "ASP.NET (Web)", "ASP.NET (Web)", "{1D1DEBD9-3252-4CD8-8658-D993F61E3584}"
EndProject
Project("{9A19103F-16F7-4668-BE54-9A1E7A4F7556}") = "FirstMvcApp", "FirstMvcApp\FirstMvcApp.csproj", "{FC51FBE5-4AAD-4868-9437-4AE51C52471C}"
EndProject
Project("{9A19103F-16F7-4668-BE54-9A1E7A4F7556}") = "WebRequest", "WebRequest\WebRequest.csproj", "{4D6B0290-5D9E-49C3-8E05-B423588C41BB}"
EndProject
Project("{9A19103F-16F7-4668-BE54-9A1E7A4F7556}") = "WebResponse", "WebResponse\WebResponse.csproj", "{50DD458A-6B97-44A5-8892-AC15322BD075}"
EndProject
Project("{9A19103F-16F7-4668-BE54-9A1E7A4F7556}") = "FirstMvcApp.Services", "FirstMvcApp.Services\FirstMvcApp.Services.csproj", "{D3F3DAF7-EA08-41AC-A562-9962EE77D95D}"
EndProject
Project("{9A19103F-16F7-4668-BE54-9A1E7A4F7556}") = "FirstMvcApp.Data", "FirstMvcApp.Data\FirstMvcApp.Data.csproj", "{5A19AEA4-A42F-4DB9-8A27-EAAFCAE971EC}"
EndProject
Project("{2150E333-8FDC-42A3-9474-1A3956D46DE8}") = "API", "API", "{11F9730D-4B52-49B1-BB83-1AC5A9109FB4}"
EndProject
Project("{2150E333-8FDC-42A3-9474-1A3956D46DE8}") = "FirstMvc", "FirstMvc", "{CC4DCED6-F32B-438B-8542-DA258626F5ED}"
EndProject
Project("{9A19103F-16F7-4668-BE54-9A1E7A4F7556}") = "SampleApi", "SampleApi\SampleApi.csproj", "{F2ED20AA-0CBF-42E6-8508-16920A69939F}"
EndProject
Project("{9A19103F-16F7-4668-BE54-9A1E7A4F7556}") = "SampleMinimalApi", "SampleMinimalApi\SampleMinimalApi.csproj", "{E0F6C2C7-0313-4C23-9167-AF568C790ADC}"
EndProject
Project("{2150E333-8FDC-42A3-9474-1A3956D46DE8}") = "Security", "Security", "{581AD18C-4C7A-4C95-B849-43376A12142A}"
EndProject
Project("{9A19103F-16F7-4668-BE54-9A1E7A4F7556}") = "AsymmetricTokenGenerator", "AsymmetricTokenGenerator\AsymmetricTokenGenerator.csproj", "{FA2AE1A2-D953-4EAB-B96B-040306726B75}"
EndProject
Project("{9A19103F-16F7-4668-BE54-9A1E7A4F7556}") = "Booking.Web", "Booking.Web\Booking.Web.csproj", "{FCFF5D1C-9C70-44FA-BA5D-A778D29C499F}"
EndProject
Project("{9A19103F-16F7-4668-BE54-9A1E7A4F7556}") = "Booking.Services", "Booking.Services\Booking.Services.csproj", "{E98149FE-0668-4915-BC6F-7DBB1823190E}"
EndProject
Project("{9A19103F-16F7-4668-BE54-9A1E7A4F7556}") = "Booking.Data", "Booking.Data\Booking.Data.csproj", "{E0FA501F-5B14-404B-8C97-DD5A9475E20A}"
EndProject
Project("{2150E333-8FDC-42A3-9474-1A3956D46DE8}") = "Booking", "Booking", "{8E117197-49B1-464C-BA1A-9E092AB83879}"
EndProject
Project("{9A19103F-16F7-4668-BE54-9A1E7A4F7556}") = "Booking.ApiTests", "Booking.ApiTests\Booking.ApiTests.csproj", "{C70C2C47-49CF-4082-96EF-6BF2872F1C46}"
EndProject
Project("{2150E333-8FDC-42A3-9474-1A3956D46DE8}") = "Messaging", "Messaging", "{99824702-250F-431A-9732-790EE2B5DCF2}"
EndProject
Project("{9A19103F-16F7-4668-BE54-9A1E7A4F7556}") = "ProducerApp", "ProducerApp\ProducerApp.csproj", "{DD4DE8F0-A8C4-4184-A4E6-CE7ABEF1586A}"
EndProject
Project("{9A19103F-16F7-4668-BE54-9A1E7A4F7556}") = "ComsumerApp", "ComsumerApp\ComsumerApp.csproj", "{38B905C5-BE9C-41D3-80B3-03BC4BFF6BB4}"
EndProject
Project("{9A19103F-16F7-4668-BE54-9A1E7A4F7556}") = "Booking.EmailListener", "Booking.EmailListener\Booking.EmailListener.csproj", "{DB6B251E-B22F-44E7-AC31-24E3D22D271F}"
EndProject
Project("{FAE04EC0-301F-11D3-BF4B-00C04F79EFBC}") = "Booking.ClientApp", "Booking.ClientApp\Booking.ClientApp.csproj", "{61380178-8501-402B-A081-B86E8B86FE08}"
EndProject
Global
	GlobalSection(SolutionConfigurationPlatforms) = preSolution
		Debug|Any CPU = Debug|Any CPU
		Release|Any CPU = Release|Any CPU
	EndGlobalSection
	GlobalSection(ProjectConfigurationPlatforms) = postSolution
		{88924BFA-D061-4D61-83E0-263EB1C4258E}.Debug|Any CPU.ActiveCfg = Debug|Any CPU
		{88924BFA-D061-4D61-83E0-263EB1C4258E}.Debug|Any CPU.Build.0 = Debug|Any CPU
		{88924BFA-D061-4D61-83E0-263EB1C4258E}.Release|Any CPU.ActiveCfg = Release|Any CPU
		{88924BFA-D061-4D61-83E0-263EB1C4258E}.Release|Any CPU.Build.0 = Release|Any CPU
		{EECB3DBF-E57E-4836-AB11-B22B52D1AC1B}.Debug|Any CPU.ActiveCfg = Debug|Any CPU
		{EECB3DBF-E57E-4836-AB11-B22B52D1AC1B}.Debug|Any CPU.Build.0 = Debug|Any CPU
		{EECB3DBF-E57E-4836-AB11-B22B52D1AC1B}.Release|Any CPU.ActiveCfg = Release|Any CPU
		{EECB3DBF-E57E-4836-AB11-B22B52D1AC1B}.Release|Any CPU.Build.0 = Release|Any CPU
		{25F763A7-7184-4B8B-9B0E-90A72D781C52}.Debug|Any CPU.ActiveCfg = Debug|Any CPU
		{25F763A7-7184-4B8B-9B0E-90A72D781C52}.Debug|Any CPU.Build.0 = Debug|Any CPU
		{25F763A7-7184-4B8B-9B0E-90A72D781C52}.Release|Any CPU.ActiveCfg = Release|Any CPU
		{25F763A7-7184-4B8B-9B0E-90A72D781C52}.Release|Any CPU.Build.0 = Release|Any CPU
		{ADB10A65-EAEB-455A-A462-18F5A8A9AD21}.Debug|Any CPU.ActiveCfg = Debug|Any CPU
		{ADB10A65-EAEB-455A-A462-18F5A8A9AD21}.Debug|Any CPU.Build.0 = Debug|Any CPU
		{ADB10A65-EAEB-455A-A462-18F5A8A9AD21}.Release|Any CPU.ActiveCfg = Release|Any CPU
		{ADB10A65-EAEB-455A-A462-18F5A8A9AD21}.Release|Any CPU.Build.0 = Release|Any CPU
		{36D590F9-1F6E-4C61-9E06-D0960175A8CB}.Debug|Any CPU.ActiveCfg = Debug|Any CPU
		{36D590F9-1F6E-4C61-9E06-D0960175A8CB}.Debug|Any CPU.Build.0 = Debug|Any CPU
		{36D590F9-1F6E-4C61-9E06-D0960175A8CB}.Release|Any CPU.ActiveCfg = Release|Any CPU
		{36D590F9-1F6E-4C61-9E06-D0960175A8CB}.Release|Any CPU.Build.0 = Release|Any CPU
		{92706E1C-3984-4415-9C33-EA182E9EBC9C}.Debug|Any CPU.ActiveCfg = Debug|Any CPU
		{92706E1C-3984-4415-9C33-EA182E9EBC9C}.Debug|Any CPU.Build.0 = Debug|Any CPU
		{92706E1C-3984-4415-9C33-EA182E9EBC9C}.Release|Any CPU.ActiveCfg = Release|Any CPU
		{92706E1C-3984-4415-9C33-EA182E9EBC9C}.Release|Any CPU.Build.0 = Release|Any CPU
		{C971319C-ED72-449B-9D90-656CC625095F}.Debug|Any CPU.ActiveCfg = Debug|Any CPU
		{C971319C-ED72-449B-9D90-656CC625095F}.Debug|Any CPU.Build.0 = Debug|Any CPU
		{C971319C-ED72-449B-9D90-656CC625095F}.Release|Any CPU.ActiveCfg = Release|Any CPU
		{C971319C-ED72-449B-9D90-656CC625095F}.Release|Any CPU.Build.0 = Release|Any CPU
		{48B1ED8B-2673-4ACA-8F96-0DC1F6A52897}.Debug|Any CPU.ActiveCfg = Debug|Any CPU
		{48B1ED8B-2673-4ACA-8F96-0DC1F6A52897}.Debug|Any CPU.Build.0 = Debug|Any CPU
		{48B1ED8B-2673-4ACA-8F96-0DC1F6A52897}.Release|Any CPU.ActiveCfg = Release|Any CPU
		{48B1ED8B-2673-4ACA-8F96-0DC1F6A52897}.Release|Any CPU.Build.0 = Release|Any CPU
		{0E9700ED-7945-4968-9994-A0A051494BE2}.Debug|Any CPU.ActiveCfg = Debug|Any CPU
		{0E9700ED-7945-4968-9994-A0A051494BE2}.Debug|Any CPU.Build.0 = Debug|Any CPU
		{0E9700ED-7945-4968-9994-A0A051494BE2}.Release|Any CPU.ActiveCfg = Release|Any CPU
		{0E9700ED-7945-4968-9994-A0A051494BE2}.Release|Any CPU.Build.0 = Release|Any CPU
		{AAA73727-88A1-4BB5-B09F-FAA0A4B92447}.Debug|Any CPU.ActiveCfg = Debug|Any CPU
		{AAA73727-88A1-4BB5-B09F-FAA0A4B92447}.Debug|Any CPU.Build.0 = Debug|Any CPU
		{AAA73727-88A1-4BB5-B09F-FAA0A4B92447}.Release|Any CPU.ActiveCfg = Release|Any CPU
		{AAA73727-88A1-4BB5-B09F-FAA0A4B92447}.Release|Any CPU.Build.0 = Release|Any CPU
		{603BEAD3-1E43-4962-BCC1-7393F9C0DECE}.Debug|Any CPU.ActiveCfg = Debug|Any CPU
		{603BEAD3-1E43-4962-BCC1-7393F9C0DECE}.Debug|Any CPU.Build.0 = Debug|Any CPU
		{603BEAD3-1E43-4962-BCC1-7393F9C0DECE}.Release|Any CPU.ActiveCfg = Release|Any CPU
		{603BEAD3-1E43-4962-BCC1-7393F9C0DECE}.Release|Any CPU.Build.0 = Release|Any CPU
		{C22D7366-C607-4084-A0C9-5B5CB42BD987}.Debug|Any CPU.ActiveCfg = Debug|Any CPU
		{C22D7366-C607-4084-A0C9-5B5CB42BD987}.Debug|Any CPU.Build.0 = Debug|Any CPU
		{C22D7366-C607-4084-A0C9-5B5CB42BD987}.Release|Any CPU.ActiveCfg = Release|Any CPU
		{C22D7366-C607-4084-A0C9-5B5CB42BD987}.Release|Any CPU.Build.0 = Release|Any CPU
		{CBE05119-A84B-4132-9166-3F0E8C0B3668}.Debug|Any CPU.ActiveCfg = Debug|Any CPU
		{CBE05119-A84B-4132-9166-3F0E8C0B3668}.Debug|Any CPU.Build.0 = Debug|Any CPU
		{CBE05119-A84B-4132-9166-3F0E8C0B3668}.Release|Any CPU.ActiveCfg = Release|Any CPU
		{CBE05119-A84B-4132-9166-3F0E8C0B3668}.Release|Any CPU.Build.0 = Release|Any CPU
		{58EAED5D-DD8B-4802-BAC1-05967F132EED}.Debug|Any CPU.ActiveCfg = Debug|Any CPU
		{58EAED5D-DD8B-4802-BAC1-05967F132EED}.Debug|Any CPU.Build.0 = Debug|Any CPU
		{58EAED5D-DD8B-4802-BAC1-05967F132EED}.Release|Any CPU.ActiveCfg = Release|Any CPU
		{58EAED5D-DD8B-4802-BAC1-05967F132EED}.Release|Any CPU.Build.0 = Release|Any CPU
		{1CF268DE-F7F2-4B61-9093-C926653E18C1}.Debug|Any CPU.ActiveCfg = Debug|Any CPU
		{1CF268DE-F7F2-4B61-9093-C926653E18C1}.Debug|Any CPU.Build.0 = Debug|Any CPU
		{1CF268DE-F7F2-4B61-9093-C926653E18C1}.Release|Any CPU.ActiveCfg = Release|Any CPU
		{1CF268DE-F7F2-4B61-9093-C926653E18C1}.Release|Any CPU.Build.0 = Release|Any CPU
		{533B3B82-8023-48DC-887F-42623C996A8D}.Debug|Any CPU.ActiveCfg = Debug|Any CPU
		{533B3B82-8023-48DC-887F-42623C996A8D}.Debug|Any CPU.Build.0 = Debug|Any CPU
		{533B3B82-8023-48DC-887F-42623C996A8D}.Release|Any CPU.ActiveCfg = Release|Any CPU
		{533B3B82-8023-48DC-887F-42623C996A8D}.Release|Any CPU.Build.0 = Release|Any CPU
		{713A7918-41A0-4537-AFAB-B2C71012395A}.Debug|Any CPU.ActiveCfg = Debug|Any CPU
		{713A7918-41A0-4537-AFAB-B2C71012395A}.Debug|Any CPU.Build.0 = Debug|Any CPU
		{713A7918-41A0-4537-AFAB-B2C71012395A}.Release|Any CPU.ActiveCfg = Release|Any CPU
		{713A7918-41A0-4537-AFAB-B2C71012395A}.Release|Any CPU.Build.0 = Release|Any CPU
		{7B7442B7-7306-4A8F-A8D4-E8E4477B8999}.Debug|Any CPU.ActiveCfg = Debug|Any CPU
		{7B7442B7-7306-4A8F-A8D4-E8E4477B8999}.Debug|Any CPU.Build.0 = Debug|Any CPU
		{7B7442B7-7306-4A8F-A8D4-E8E4477B8999}.Release|Any CPU.ActiveCfg = Release|Any CPU
		{7B7442B7-7306-4A8F-A8D4-E8E4477B8999}.Release|Any CPU.Build.0 = Release|Any CPU
		{AF590BC7-3471-4753-9B2E-38B2B78E223B}.Debug|Any CPU.ActiveCfg = Debug|Any CPU
		{AF590BC7-3471-4753-9B2E-38B2B78E223B}.Debug|Any CPU.Build.0 = Debug|Any CPU
		{AF590BC7-3471-4753-9B2E-38B2B78E223B}.Release|Any CPU.ActiveCfg = Release|Any CPU
		{AF590BC7-3471-4753-9B2E-38B2B78E223B}.Release|Any CPU.Build.0 = Release|Any CPU
		{27919887-F468-42F5-B2F6-0F13CA999506}.Debug|Any CPU.ActiveCfg = Debug|Any CPU
		{27919887-F468-42F5-B2F6-0F13CA999506}.Debug|Any CPU.Build.0 = Debug|Any CPU
		{27919887-F468-42F5-B2F6-0F13CA999506}.Release|Any CPU.ActiveCfg = Release|Any CPU
		{27919887-F468-42F5-B2F6-0F13CA999506}.Release|Any CPU.Build.0 = Release|Any CPU
		{76FC74EF-04DE-46DF-B2FA-41704C46ECFD}.Debug|Any CPU.ActiveCfg = Debug|Any CPU
		{76FC74EF-04DE-46DF-B2FA-41704C46ECFD}.Debug|Any CPU.Build.0 = Debug|Any CPU
		{76FC74EF-04DE-46DF-B2FA-41704C46ECFD}.Release|Any CPU.ActiveCfg = Release|Any CPU
		{76FC74EF-04DE-46DF-B2FA-41704C46ECFD}.Release|Any CPU.Build.0 = Release|Any CPU
		{C80E9E74-0A50-4967-A086-D8A93E6F114A}.Debug|Any CPU.ActiveCfg = Debug|Any CPU
		{C80E9E74-0A50-4967-A086-D8A93E6F114A}.Debug|Any CPU.Build.0 = Debug|Any CPU
		{C80E9E74-0A50-4967-A086-D8A93E6F114A}.Release|Any CPU.ActiveCfg = Release|Any CPU
		{C80E9E74-0A50-4967-A086-D8A93E6F114A}.Release|Any CPU.Build.0 = Release|Any CPU
		{8F57AE05-003F-4202-8962-C45C499F44ED}.Debug|Any CPU.ActiveCfg = Debug|Any CPU
		{8F57AE05-003F-4202-8962-C45C499F44ED}.Debug|Any CPU.Build.0 = Debug|Any CPU
		{8F57AE05-003F-4202-8962-C45C499F44ED}.Release|Any CPU.ActiveCfg = Release|Any CPU
		{8F57AE05-003F-4202-8962-C45C499F44ED}.Release|Any CPU.Build.0 = Release|Any CPU
		{A27D0570-1E8B-49A5-9DBA-D3DB8718F3E8}.Debug|Any CPU.ActiveCfg = Debug|Any CPU
		{A27D0570-1E8B-49A5-9DBA-D3DB8718F3E8}.Debug|Any CPU.Build.0 = Debug|Any CPU
		{A27D0570-1E8B-49A5-9DBA-D3DB8718F3E8}.Release|Any CPU.ActiveCfg = Release|Any CPU
		{A27D0570-1E8B-49A5-9DBA-D3DB8718F3E8}.Release|Any CPU.Build.0 = Release|Any CPU
		{24212140-2059-46EE-8995-0586B0498D0D}.Debug|Any CPU.ActiveCfg = Debug|Any CPU
		{24212140-2059-46EE-8995-0586B0498D0D}.Debug|Any CPU.Build.0 = Debug|Any CPU
		{24212140-2059-46EE-8995-0586B0498D0D}.Release|Any CPU.ActiveCfg = Release|Any CPU
		{24212140-2059-46EE-8995-0586B0498D0D}.Release|Any CPU.Build.0 = Release|Any CPU
		{7F00556B-E8BC-4E5D-8E01-2C9BF953D1A3}.Debug|Any CPU.ActiveCfg = Debug|Any CPU
		{7F00556B-E8BC-4E5D-8E01-2C9BF953D1A3}.Debug|Any CPU.Build.0 = Debug|Any CPU
		{7F00556B-E8BC-4E5D-8E01-2C9BF953D1A3}.Release|Any CPU.ActiveCfg = Release|Any CPU
		{7F00556B-E8BC-4E5D-8E01-2C9BF953D1A3}.Release|Any CPU.Build.0 = Release|Any CPU
		{AE27BEB9-9662-40A1-972C-10CD05FFAE25}.Debug|Any CPU.ActiveCfg = Debug|Any CPU
		{AE27BEB9-9662-40A1-972C-10CD05FFAE25}.Debug|Any CPU.Build.0 = Debug|Any CPU
		{AE27BEB9-9662-40A1-972C-10CD05FFAE25}.Release|Any CPU.ActiveCfg = Release|Any CPU
		{AE27BEB9-9662-40A1-972C-10CD05FFAE25}.Release|Any CPU.Build.0 = Release|Any CPU
		{5AF3B19E-7B74-4225-930D-7EC394B3F442}.Debug|Any CPU.ActiveCfg = Debug|Any CPU
		{5AF3B19E-7B74-4225-930D-7EC394B3F442}.Debug|Any CPU.Build.0 = Debug|Any CPU
		{5AF3B19E-7B74-4225-930D-7EC394B3F442}.Release|Any CPU.ActiveCfg = Release|Any CPU
		{5AF3B19E-7B74-4225-930D-7EC394B3F442}.Release|Any CPU.Build.0 = Release|Any CPU
		{D9A5E786-D571-44BC-8C17-B10ADEE3E97F}.Debug|Any CPU.ActiveCfg = Debug|Any CPU
		{D9A5E786-D571-44BC-8C17-B10ADEE3E97F}.Debug|Any CPU.Build.0 = Debug|Any CPU
		{D9A5E786-D571-44BC-8C17-B10ADEE3E97F}.Release|Any CPU.ActiveCfg = Release|Any CPU
		{D9A5E786-D571-44BC-8C17-B10ADEE3E97F}.Release|Any CPU.Build.0 = Release|Any CPU
		{C32C8E06-3489-4E78-8F22-2F5A356F4BAB}.Debug|Any CPU.ActiveCfg = Debug|Any CPU
		{C32C8E06-3489-4E78-8F22-2F5A356F4BAB}.Debug|Any CPU.Build.0 = Debug|Any CPU
		{C32C8E06-3489-4E78-8F22-2F5A356F4BAB}.Release|Any CPU.ActiveCfg = Release|Any CPU
		{C32C8E06-3489-4E78-8F22-2F5A356F4BAB}.Release|Any CPU.Build.0 = Release|Any CPU
		{9FC78017-C43E-4206-B0CC-8FAF9755483B}.Debug|Any CPU.ActiveCfg = Debug|Any CPU
		{9FC78017-C43E-4206-B0CC-8FAF9755483B}.Debug|Any CPU.Build.0 = Debug|Any CPU
		{9FC78017-C43E-4206-B0CC-8FAF9755483B}.Release|Any CPU.ActiveCfg = Release|Any CPU
		{9FC78017-C43E-4206-B0CC-8FAF9755483B}.Release|Any CPU.Build.0 = Release|Any CPU
		{D3441494-017F-4A5B-8330-722C60B8F989}.Debug|Any CPU.ActiveCfg = Debug|Any CPU
		{D3441494-017F-4A5B-8330-722C60B8F989}.Debug|Any CPU.Build.0 = Debug|Any CPU
		{D3441494-017F-4A5B-8330-722C60B8F989}.Release|Any CPU.ActiveCfg = Release|Any CPU
		{D3441494-017F-4A5B-8330-722C60B8F989}.Release|Any CPU.Build.0 = Release|Any CPU
		{FC51FBE5-4AAD-4868-9437-4AE51C52471C}.Debug|Any CPU.ActiveCfg = Debug|Any CPU
		{FC51FBE5-4AAD-4868-9437-4AE51C52471C}.Debug|Any CPU.Build.0 = Debug|Any CPU
		{FC51FBE5-4AAD-4868-9437-4AE51C52471C}.Release|Any CPU.ActiveCfg = Release|Any CPU
		{FC51FBE5-4AAD-4868-9437-4AE51C52471C}.Release|Any CPU.Build.0 = Release|Any CPU
		{4D6B0290-5D9E-49C3-8E05-B423588C41BB}.Debug|Any CPU.ActiveCfg = Debug|Any CPU
		{4D6B0290-5D9E-49C3-8E05-B423588C41BB}.Debug|Any CPU.Build.0 = Debug|Any CPU
		{4D6B0290-5D9E-49C3-8E05-B423588C41BB}.Release|Any CPU.ActiveCfg = Release|Any CPU
		{4D6B0290-5D9E-49C3-8E05-B423588C41BB}.Release|Any CPU.Build.0 = Release|Any CPU
		{50DD458A-6B97-44A5-8892-AC15322BD075}.Debug|Any CPU.ActiveCfg = Debug|Any CPU
		{50DD458A-6B97-44A5-8892-AC15322BD075}.Debug|Any CPU.Build.0 = Debug|Any CPU
		{50DD458A-6B97-44A5-8892-AC15322BD075}.Release|Any CPU.ActiveCfg = Release|Any CPU
		{50DD458A-6B97-44A5-8892-AC15322BD075}.Release|Any CPU.Build.0 = Release|Any CPU
		{D3F3DAF7-EA08-41AC-A562-9962EE77D95D}.Debug|Any CPU.ActiveCfg = Debug|Any CPU
		{D3F3DAF7-EA08-41AC-A562-9962EE77D95D}.Debug|Any CPU.Build.0 = Debug|Any CPU
		{D3F3DAF7-EA08-41AC-A562-9962EE77D95D}.Release|Any CPU.ActiveCfg = Release|Any CPU
		{D3F3DAF7-EA08-41AC-A562-9962EE77D95D}.Release|Any CPU.Build.0 = Release|Any CPU
		{5A19AEA4-A42F-4DB9-8A27-EAAFCAE971EC}.Debug|Any CPU.ActiveCfg = Debug|Any CPU
		{5A19AEA4-A42F-4DB9-8A27-EAAFCAE971EC}.Debug|Any CPU.Build.0 = Debug|Any CPU
		{5A19AEA4-A42F-4DB9-8A27-EAAFCAE971EC}.Release|Any CPU.ActiveCfg = Release|Any CPU
		{5A19AEA4-A42F-4DB9-8A27-EAAFCAE971EC}.Release|Any CPU.Build.0 = Release|Any CPU
		{F2ED20AA-0CBF-42E6-8508-16920A69939F}.Debug|Any CPU.ActiveCfg = Debug|Any CPU
		{F2ED20AA-0CBF-42E6-8508-16920A69939F}.Debug|Any CPU.Build.0 = Debug|Any CPU
		{F2ED20AA-0CBF-42E6-8508-16920A69939F}.Release|Any CPU.ActiveCfg = Release|Any CPU
		{F2ED20AA-0CBF-42E6-8508-16920A69939F}.Release|Any CPU.Build.0 = Release|Any CPU
		{E0F6C2C7-0313-4C23-9167-AF568C790ADC}.Debug|Any CPU.ActiveCfg = Debug|Any CPU
		{E0F6C2C7-0313-4C23-9167-AF568C790ADC}.Debug|Any CPU.Build.0 = Debug|Any CPU
		{E0F6C2C7-0313-4C23-9167-AF568C790ADC}.Release|Any CPU.ActiveCfg = Release|Any CPU
		{E0F6C2C7-0313-4C23-9167-AF568C790ADC}.Release|Any CPU.Build.0 = Release|Any CPU
		{FA2AE1A2-D953-4EAB-B96B-040306726B75}.Debug|Any CPU.ActiveCfg = Debug|Any CPU
		{FA2AE1A2-D953-4EAB-B96B-040306726B75}.Debug|Any CPU.Build.0 = Debug|Any CPU
		{FA2AE1A2-D953-4EAB-B96B-040306726B75}.Release|Any CPU.ActiveCfg = Release|Any CPU
		{FA2AE1A2-D953-4EAB-B96B-040306726B75}.Release|Any CPU.Build.0 = Release|Any CPU
		{FCFF5D1C-9C70-44FA-BA5D-A778D29C499F}.Debug|Any CPU.ActiveCfg = Debug|Any CPU
		{FCFF5D1C-9C70-44FA-BA5D-A778D29C499F}.Debug|Any CPU.Build.0 = Debug|Any CPU
		{FCFF5D1C-9C70-44FA-BA5D-A778D29C499F}.Release|Any CPU.ActiveCfg = Release|Any CPU
		{FCFF5D1C-9C70-44FA-BA5D-A778D29C499F}.Release|Any CPU.Build.0 = Release|Any CPU
		{E98149FE-0668-4915-BC6F-7DBB1823190E}.Debug|Any CPU.ActiveCfg = Debug|Any CPU
		{E98149FE-0668-4915-BC6F-7DBB1823190E}.Debug|Any CPU.Build.0 = Debug|Any CPU
		{E98149FE-0668-4915-BC6F-7DBB1823190E}.Release|Any CPU.ActiveCfg = Release|Any CPU
		{E98149FE-0668-4915-BC6F-7DBB1823190E}.Release|Any CPU.Build.0 = Release|Any CPU
		{E0FA501F-5B14-404B-8C97-DD5A9475E20A}.Debug|Any CPU.ActiveCfg = Debug|Any CPU
		{E0FA501F-5B14-404B-8C97-DD5A9475E20A}.Debug|Any CPU.Build.0 = Debug|Any CPU
		{E0FA501F-5B14-404B-8C97-DD5A9475E20A}.Release|Any CPU.ActiveCfg = Release|Any CPU
		{E0FA501F-5B14-404B-8C97-DD5A9475E20A}.Release|Any CPU.Build.0 = Release|Any CPU
		{C70C2C47-49CF-4082-96EF-6BF2872F1C46}.Debug|Any CPU.ActiveCfg = Debug|Any CPU
		{C70C2C47-49CF-4082-96EF-6BF2872F1C46}.Debug|Any CPU.Build.0 = Debug|Any CPU
		{C70C2C47-49CF-4082-96EF-6BF2872F1C46}.Release|Any CPU.ActiveCfg = Release|Any CPU
		{C70C2C47-49CF-4082-96EF-6BF2872F1C46}.Release|Any CPU.Build.0 = Release|Any CPU
		{DD4DE8F0-A8C4-4184-A4E6-CE7ABEF1586A}.Debug|Any CPU.ActiveCfg = Debug|Any CPU
		{DD4DE8F0-A8C4-4184-A4E6-CE7ABEF1586A}.Debug|Any CPU.Build.0 = Debug|Any CPU
		{DD4DE8F0-A8C4-4184-A4E6-CE7ABEF1586A}.Release|Any CPU.ActiveCfg = Release|Any CPU
		{DD4DE8F0-A8C4-4184-A4E6-CE7ABEF1586A}.Release|Any CPU.Build.0 = Release|Any CPU
		{38B905C5-BE9C-41D3-80B3-03BC4BFF6BB4}.Debug|Any CPU.ActiveCfg = Debug|Any CPU
		{38B905C5-BE9C-41D3-80B3-03BC4BFF6BB4}.Debug|Any CPU.Build.0 = Debug|Any CPU
		{38B905C5-BE9C-41D3-80B3-03BC4BFF6BB4}.Release|Any CPU.ActiveCfg = Release|Any CPU
		{38B905C5-BE9C-41D3-80B3-03BC4BFF6BB4}.Release|Any CPU.Build.0 = Release|Any CPU
		{DB6B251E-B22F-44E7-AC31-24E3D22D271F}.Debug|Any CPU.ActiveCfg = Debug|Any CPU
		{DB6B251E-B22F-44E7-AC31-24E3D22D271F}.Debug|Any CPU.Build.0 = Debug|Any CPU
		{DB6B251E-B22F-44E7-AC31-24E3D22D271F}.Release|Any CPU.ActiveCfg = Release|Any CPU
		{DB6B251E-B22F-44E7-AC31-24E3D22D271F}.Release|Any CPU.Build.0 = Release|Any CPU
		{61380178-8501-402B-A081-B86E8B86FE08}.Debug|Any CPU.ActiveCfg = Debug|Any CPU
		{61380178-8501-402B-A081-B86E8B86FE08}.Debug|Any CPU.Build.0 = Debug|Any CPU
		{61380178-8501-402B-A081-B86E8B86FE08}.Release|Any CPU.ActiveCfg = Release|Any CPU
		{61380178-8501-402B-A081-B86E8B86FE08}.Release|Any CPU.Build.0 = Release|Any CPU
	EndGlobalSection
	GlobalSection(SolutionProperties) = preSolution
		HideSolutionNode = FALSE
	EndGlobalSection
	GlobalSection(NestedProjects) = preSolution
		{88924BFA-D061-4D61-83E0-263EB1C4258E} = {AFF5F17F-877A-499B-B9C4-F2E8B654E721}
		{EECB3DBF-E57E-4836-AB11-B22B52D1AC1B} = {AFF5F17F-877A-499B-B9C4-F2E8B654E721}
		{25F763A7-7184-4B8B-9B0E-90A72D781C52} = {AFF5F17F-877A-499B-B9C4-F2E8B654E721}
		{ADB10A65-EAEB-455A-A462-18F5A8A9AD21} = {AFF5F17F-877A-499B-B9C4-F2E8B654E721}
		{36D590F9-1F6E-4C61-9E06-D0960175A8CB} = {AFF5F17F-877A-499B-B9C4-F2E8B654E721}
		{92706E1C-3984-4415-9C33-EA182E9EBC9C} = {AFF5F17F-877A-499B-B9C4-F2E8B654E721}
		{C971319C-ED72-449B-9D90-656CC625095F} = {AFF5F17F-877A-499B-B9C4-F2E8B654E721}
		{48B1ED8B-2673-4ACA-8F96-0DC1F6A52897} = {AFF5F17F-877A-499B-B9C4-F2E8B654E721}
		{0E9700ED-7945-4968-9994-A0A051494BE2} = {AFF5F17F-877A-499B-B9C4-F2E8B654E721}
		{AAA73727-88A1-4BB5-B09F-FAA0A4B92447} = {AFF5F17F-877A-499B-B9C4-F2E8B654E721}
		{603BEAD3-1E43-4962-BCC1-7393F9C0DECE} = {AFF5F17F-877A-499B-B9C4-F2E8B654E721}
		{C22D7366-C607-4084-A0C9-5B5CB42BD987} = {A4048E29-11AB-4C02-A626-953D8D13FE28}
		{CBE05119-A84B-4132-9166-3F0E8C0B3668} = {A4048E29-11AB-4C02-A626-953D8D13FE28}
		{58EAED5D-DD8B-4802-BAC1-05967F132EED} = {68D35F96-0C0A-4F1B-96F5-155FD979520D}
		{68D35F96-0C0A-4F1B-96F5-155FD979520D} = {AFF5F17F-877A-499B-B9C4-F2E8B654E721}
		{A4048E29-11AB-4C02-A626-953D8D13FE28} = {AFF5F17F-877A-499B-B9C4-F2E8B654E721}
		{1CF268DE-F7F2-4B61-9093-C926653E18C1} = {2D0FE870-5588-416C-9D13-48858E8C91D3}
		{533B3B82-8023-48DC-887F-42623C996A8D} = {2D0FE870-5588-416C-9D13-48858E8C91D3}
		{713A7918-41A0-4537-AFAB-B2C71012395A} = {2D0FE870-5588-416C-9D13-48858E8C91D3}
		{7B7442B7-7306-4A8F-A8D4-E8E4477B8999} = {22011724-E48A-4FEB-B738-DBC6FE3050F8}
		{27919887-F468-42F5-B2F6-0F13CA999506} = {22011724-E48A-4FEB-B738-DBC6FE3050F8}
		{76FC74EF-04DE-46DF-B2FA-41704C46ECFD} = {22011724-E48A-4FEB-B738-DBC6FE3050F8}
		{C80E9E74-0A50-4967-A086-D8A93E6F114A} = {22011724-E48A-4FEB-B738-DBC6FE3050F8}
		{8F57AE05-003F-4202-8962-C45C499F44ED} = {4F0B1EF8-5C46-4EF0-B7ED-D430E7277D8D}
		{A27D0570-1E8B-49A5-9DBA-D3DB8718F3E8} = {2D0FE870-5588-416C-9D13-48858E8C91D3}
		{24212140-2059-46EE-8995-0586B0498D0D} = {2D0FE870-5588-416C-9D13-48858E8C91D3}
		{7F00556B-E8BC-4E5D-8E01-2C9BF953D1A3} = {22011724-E48A-4FEB-B738-DBC6FE3050F8}
		{AE27BEB9-9662-40A1-972C-10CD05FFAE25} = {2D0FE870-5588-416C-9D13-48858E8C91D3}
		{5AF3B19E-7B74-4225-930D-7EC394B3F442} = {2D0FE870-5588-416C-9D13-48858E8C91D3}
		{D9A5E786-D571-44BC-8C17-B10ADEE3E97F} = {2D0FE870-5588-416C-9D13-48858E8C91D3}
		{D3441494-017F-4A5B-8330-722C60B8F989} = {2D0FE870-5588-416C-9D13-48858E8C91D3}
		{FC51FBE5-4AAD-4868-9437-4AE51C52471C} = {CC4DCED6-F32B-438B-8542-DA258626F5ED}
		{D3F3DAF7-EA08-41AC-A562-9962EE77D95D} = {CC4DCED6-F32B-438B-8542-DA258626F5ED}
		{5A19AEA4-A42F-4DB9-8A27-EAAFCAE971EC} = {CC4DCED6-F32B-438B-8542-DA258626F5ED}
		{11F9730D-4B52-49B1-BB83-1AC5A9109FB4} = {1D1DEBD9-3252-4CD8-8658-D993F61E3584}
		{CC4DCED6-F32B-438B-8542-DA258626F5ED} = {1D1DEBD9-3252-4CD8-8658-D993F61E3584}
		{F2ED20AA-0CBF-42E6-8508-16920A69939F} = {11F9730D-4B52-49B1-BB83-1AC5A9109FB4}
		{E0F6C2C7-0313-4C23-9167-AF568C790ADC} = {11F9730D-4B52-49B1-BB83-1AC5A9109FB4}
		{FA2AE1A2-D953-4EAB-B96B-040306726B75} = {581AD18C-4C7A-4C95-B849-43376A12142A}
		{FCFF5D1C-9C70-44FA-BA5D-A778D29C499F} = {8E117197-49B1-464C-BA1A-9E092AB83879}
		{E98149FE-0668-4915-BC6F-7DBB1823190E} = {8E117197-49B1-464C-BA1A-9E092AB83879}
		{E0FA501F-5B14-404B-8C97-DD5A9475E20A} = {8E117197-49B1-464C-BA1A-9E092AB83879}
		{8E117197-49B1-464C-BA1A-9E092AB83879} = {11F9730D-4B52-49B1-BB83-1AC5A9109FB4}
		{C70C2C47-49CF-4082-96EF-6BF2872F1C46} = {8E117197-49B1-464C-BA1A-9E092AB83879}
		{DD4DE8F0-A8C4-4184-A4E6-CE7ABEF1586A} = {99824702-250F-431A-9732-790EE2B5DCF2}
		{38B905C5-BE9C-41D3-80B3-03BC4BFF6BB4} = {99824702-250F-431A-9732-790EE2B5DCF2}
		{DB6B251E-B22F-44E7-AC31-24E3D22D271F} = {8E117197-49B1-464C-BA1A-9E092AB83879}
		{61380178-8501-402B-A081-B86E8B86FE08} = {8E117197-49B1-464C-BA1A-9E092AB83879}
	EndGlobalSection
	GlobalSection(ExtensibilityGlobals) = postSolution
		SolutionGuid = {7FAD1D98-5044-4B76-9547-1E18479C7200}
	EndGlobalSection
EndGlobal
